
Microsoft Visual Studio Solution File, Format Version 12.00
# Visual Studio 2012
Project("{FAE04EC0-301F-11D3-BF4B-00C04F79EFBC}") = "MindFlyWebApp", "MindFlyWebApp\MindFlyWebApp.csproj", "{5F51FD18-DCCE-4F80-86C3-4AECE7BB0E1E}"
EndProject
Project("{FAE04EC0-301F-11D3-BF4B-00C04F79EFBC}") = "MindFlyConsoleApp", "MindFlyConsoleApp\MindFlyConsoleApp.csproj", "{B6C54C52-2111-4F06-9ACD-E5833766EEF1}"
EndProject
Global
	GlobalSection(SolutionConfigurationPlatforms) = preSolution
		Debug|Any CPU = Debug|Any CPU
		Release|Any CPU = Release|Any CPU
	EndGlobalSection
	GlobalSection(ProjectConfigurationPlatforms) = postSolution
		{5F51FD18-DCCE-4F80-86C3-4AECE7BB0E1E}.Debug|Any CPU.ActiveCfg = Debug|Any CPU
		{5F51FD18-DCCE-4F80-86C3-4AECE7BB0E1E}.Debug|Any CPU.Build.0 = Debug|Any CPU
		{5F51FD18-DCCE-4F80-86C3-4AECE7BB0E1E}.Release|Any CPU.ActiveCfg = Release|Any CPU
		{5F51FD18-DCCE-4F80-86C3-4AECE7BB0E1E}.Release|Any CPU.Build.0 = Release|Any CPU
		{B6C54C52-2111-4F06-9ACD-E5833766EEF1}.Debug|Any CPU.ActiveCfg = Debug|Any CPU
		{B6C54C52-2111-4F06-9ACD-E5833766EEF1}.Debug|Any CPU.Build.0 = Debug|Any CPU
		{B6C54C52-2111-4F06-9ACD-E5833766EEF1}.Release|Any CPU.ActiveCfg = Release|Any CPU
		{B6C54C52-2111-4F06-9ACD-E5833766EEF1}.Release|Any CPU.Build.0 = Release|Any CPU
	EndGlobalSection
	GlobalSection(SolutionProperties) = preSolution
		HideSolutionNode = FALSE
	EndGlobalSection
EndGlobal
